
Microsoft Visual Studio Solution File, Format Version 12.00
# Visual Studio Version 16
VisualStudioVersion = 16.0.29503.13
MinimumVisualStudioVersion = 10.0.40219.1
Project("{FAE04EC0-301F-11D3-BF4B-00C04F79EFBC}") = "Analyzer1", "Analyzer1\Analyzer1\Analyzer1.csproj", "{956D8A98-9550-47D1-851E-8853E7C9510E}"
EndProject
Project("{FAE04EC0-301F-11D3-BF4B-00C04F79EFBC}") = "Analyzer1.Test", "Analyzer1\Analyzer1.Test\Analyzer1.Test.csproj", "{5698C803-B41B-466A-9CA9-546D4B2E2FC3}"
EndProject
Project("{FAE04EC0-301F-11D3-BF4B-00C04F79EFBC}") = "Analyzer1.Vsix", "Analyzer1\Analyzer1.Vsix\Analyzer1.Vsix.csproj", "{9041011E-A04A-47F1-A56F-1ED8071026CE}"
EndProject
Global
	GlobalSection(SolutionConfigurationPlatforms) = preSolution
		Debug|Any CPU = Debug|Any CPU
		Release|Any CPU = Release|Any CPU
	EndGlobalSection
	GlobalSection(ProjectConfigurationPlatforms) = postSolution
		{956D8A98-9550-47D1-851E-8853E7C9510E}.Debug|Any CPU.ActiveCfg = Debug|Any CPU
		{956D8A98-9550-47D1-851E-8853E7C9510E}.Debug|Any CPU.Build.0 = Debug|Any CPU
		{956D8A98-9550-47D1-851E-8853E7C9510E}.Release|Any CPU.ActiveCfg = Release|Any CPU
		{956D8A98-9550-47D1-851E-8853E7C9510E}.Release|Any CPU.Build.0 = Release|Any CPU
		{5698C803-B41B-466A-9CA9-546D4B2E2FC3}.Debug|Any CPU.ActiveCfg = Debug|Any CPU
		{5698C803-B41B-466A-9CA9-546D4B2E2FC3}.Debug|Any CPU.Build.0 = Debug|Any CPU
		{5698C803-B41B-466A-9CA9-546D4B2E2FC3}.Release|Any CPU.ActiveCfg = Release|Any CPU
		{5698C803-B41B-466A-9CA9-546D4B2E2FC3}.Release|Any CPU.Build.0 = Release|Any CPU
		{9041011E-A04A-47F1-A56F-1ED8071026CE}.Debug|Any CPU.ActiveCfg = Debug|Any CPU
		{9041011E-A04A-47F1-A56F-1ED8071026CE}.Debug|Any CPU.Build.0 = Debug|Any CPU
		{9041011E-A04A-47F1-A56F-1ED8071026CE}.Release|Any CPU.ActiveCfg = Release|Any CPU
		{9041011E-A04A-47F1-A56F-1ED8071026CE}.Release|Any CPU.Build.0 = Release|Any CPU
	EndGlobalSection
	GlobalSection(SolutionProperties) = preSolution
		HideSolutionNode = FALSE
	EndGlobalSection
	GlobalSection(ExtensibilityGlobals) = postSolution
		SolutionGuid = {2B02612C-8EC7-46BB-9F45-91799F9A3D27}
	EndGlobalSection
EndGlobal
